
Microsoft Visual Studio Solution File, Format Version 12.00
# Visual Studio 2013
VisualStudioVersion = 12.0.21005.1
MinimumVisualStudioVersion = 10.0.40219.1
Project("{FAE04EC0-301F-11D3-BF4B-00C04F79EFBC}") = "01", "01\01.csproj", "{2AC520B5-99E8-4CD1-86B0-3A019A47295F}"
EndProject
Project("{FAE04EC0-301F-11D3-BF4B-00C04F79EFBC}") = "02", "02\02.csproj", "{4D9EC0B1-1FB6-4E70-8D51-5A1EFC970F23}"
EndProject
Project("{FAE04EC0-301F-11D3-BF4B-00C04F79EFBC}") = "03", "03\03.csproj", "{727F21E5-EB17-40A1-AC46-19B91CF9234A}"
EndProject
Global
	GlobalSection(SolutionConfigurationPlatforms) = preSolution
		Debug|Any CPU = Debug|Any CPU
		Release|Any CPU = Release|Any CPU
	EndGlobalSection
	GlobalSection(ProjectConfigurationPlatforms) = postSolution
		{2AC520B5-99E8-4CD1-86B0-3A019A47295F}.Debug|Any CPU.ActiveCfg = Debug|Any CPU
		{2AC520B5-99E8-4CD1-86B0-3A019A47295F}.Debug|Any CPU.Build.0 = Debug|Any CPU
		{2AC520B5-99E8-4CD1-86B0-3A019A47295F}.Release|Any CPU.ActiveCfg = Release|Any CPU
		{2AC520B5-99E8-4CD1-86B0-3A019A47295F}.Release|Any CPU.Build.0 = Release|Any CPU
		{4D9EC0B1-1FB6-4E70-8D51-5A1EFC970F23}.Debug|Any CPU.ActiveCfg = Debug|Any CPU
		{4D9EC0B1-1FB6-4E70-8D51-5A1EFC970F23}.Debug|Any CPU.Build.0 = Debug|Any CPU
		{4D9EC0B1-1FB6-4E70-8D51-5A1EFC970F23}.Release|Any CPU.ActiveCfg = Release|Any CPU
		{4D9EC0B1-1FB6-4E70-8D51-5A1EFC970F23}.Release|Any CPU.Build.0 = Release|Any CPU
		{727F21E5-EB17-40A1-AC46-19B91CF9234A}.Debug|Any CPU.ActiveCfg = Debug|Any CPU
		{727F21E5-EB17-40A1-AC46-19B91CF9234A}.Debug|Any CPU.Build.0 = Debug|Any CPU
		{727F21E5-EB17-40A1-AC46-19B91CF9234A}.Release|Any CPU.ActiveCfg = Release|Any CPU
		{727F21E5-EB17-40A1-AC46-19B91CF9234A}.Release|Any CPU.Build.0 = Release|Any CPU
	EndGlobalSection
	GlobalSection(SolutionProperties) = preSolution
		HideSolutionNode = FALSE
	EndGlobalSection
EndGlobal
