
Microsoft Visual Studio Solution File, Format Version 12.00
# Visual Studio 14
VisualStudioVersion = 14.0.23107.0
MinimumVisualStudioVersion = 10.0.40219.1
Project("{FAE04EC0-301F-11D3-BF4B-00C04F79EFBC}") = "01", "01\01.csproj", "{2E5F4301-D1EB-40E1-9F6F-055791498F92}"
EndProject
Project("{2150E333-8FDC-42A3-9474-1A3956D46DE8}") = "Solution Items", "Solution Items", "{B85D9EA9-094B-49CE-9396-55E87DD6B2EE}"
	ProjectSection(SolutionItems) = preProject
		Tasks.md = Tasks.md
	EndProjectSection
EndProject
Project("{FAE04EC0-301F-11D3-BF4B-00C04F79EFBC}") = "02", "02\02.csproj", "{AFA8E1D3-4806-4C30-9F02-E13DE6304A5A}"
EndProject
Project("{FAE04EC0-301F-11D3-BF4B-00C04F79EFBC}") = "03", "03\03.csproj", "{C00AB110-B572-45A9-8741-6116B024E485}"
EndProject
Project("{FAE04EC0-301F-11D3-BF4B-00C04F79EFBC}") = "04", "04\04.csproj", "{DA515617-C5AA-4D34-AE07-78B29DDD61FD}"
EndProject
Project("{FAE04EC0-301F-11D3-BF4B-00C04F79EFBC}") = "05", "05\05.csproj", "{4BA20583-4F5B-4B40-A90C-EDFCCC1753B8}"
EndProject
Project("{FAE04EC0-301F-11D3-BF4B-00C04F79EFBC}") = "06", "06\06.csproj", "{472CA88D-9A21-43EB-A958-824FED9B4812}"
EndProject
Global
	GlobalSection(SolutionConfigurationPlatforms) = preSolution
		Debug|Any CPU = Debug|Any CPU
		Release|Any CPU = Release|Any CPU
	EndGlobalSection
	GlobalSection(ProjectConfigurationPlatforms) = postSolution
		{2E5F4301-D1EB-40E1-9F6F-055791498F92}.Debug|Any CPU.ActiveCfg = Debug|Any CPU
		{2E5F4301-D1EB-40E1-9F6F-055791498F92}.Debug|Any CPU.Build.0 = Debug|Any CPU
		{2E5F4301-D1EB-40E1-9F6F-055791498F92}.Release|Any CPU.ActiveCfg = Release|Any CPU
		{2E5F4301-D1EB-40E1-9F6F-055791498F92}.Release|Any CPU.Build.0 = Release|Any CPU
		{AFA8E1D3-4806-4C30-9F02-E13DE6304A5A}.Debug|Any CPU.ActiveCfg = Debug|Any CPU
		{AFA8E1D3-4806-4C30-9F02-E13DE6304A5A}.Debug|Any CPU.Build.0 = Debug|Any CPU
		{AFA8E1D3-4806-4C30-9F02-E13DE6304A5A}.Release|Any CPU.ActiveCfg = Release|Any CPU
		{AFA8E1D3-4806-4C30-9F02-E13DE6304A5A}.Release|Any CPU.Build.0 = Release|Any CPU
		{C00AB110-B572-45A9-8741-6116B024E485}.Debug|Any CPU.ActiveCfg = Debug|Any CPU
		{C00AB110-B572-45A9-8741-6116B024E485}.Debug|Any CPU.Build.0 = Debug|Any CPU
		{C00AB110-B572-45A9-8741-6116B024E485}.Release|Any CPU.ActiveCfg = Release|Any CPU
		{C00AB110-B572-45A9-8741-6116B024E485}.Release|Any CPU.Build.0 = Release|Any CPU
		{DA515617-C5AA-4D34-AE07-78B29DDD61FD}.Debug|Any CPU.ActiveCfg = Debug|Any CPU
		{DA515617-C5AA-4D34-AE07-78B29DDD61FD}.Debug|Any CPU.Build.0 = Debug|Any CPU
		{DA515617-C5AA-4D34-AE07-78B29DDD61FD}.Release|Any CPU.ActiveCfg = Release|Any CPU
		{DA515617-C5AA-4D34-AE07-78B29DDD61FD}.Release|Any CPU.Build.0 = Release|Any CPU
		{4BA20583-4F5B-4B40-A90C-EDFCCC1753B8}.Debug|Any CPU.ActiveCfg = Debug|Any CPU
		{4BA20583-4F5B-4B40-A90C-EDFCCC1753B8}.Debug|Any CPU.Build.0 = Debug|Any CPU
		{4BA20583-4F5B-4B40-A90C-EDFCCC1753B8}.Release|Any CPU.ActiveCfg = Release|Any CPU
		{4BA20583-4F5B-4B40-A90C-EDFCCC1753B8}.Release|Any CPU.Build.0 = Release|Any CPU
		{472CA88D-9A21-43EB-A958-824FED9B4812}.Debug|Any CPU.ActiveCfg = Debug|Any CPU
		{472CA88D-9A21-43EB-A958-824FED9B4812}.Debug|Any CPU.Build.0 = Debug|Any CPU
		{472CA88D-9A21-43EB-A958-824FED9B4812}.Release|Any CPU.ActiveCfg = Release|Any CPU
		{472CA88D-9A21-43EB-A958-824FED9B4812}.Release|Any CPU.Build.0 = Release|Any CPU
	EndGlobalSection
	GlobalSection(SolutionProperties) = preSolution
		HideSolutionNode = FALSE
	EndGlobalSection
EndGlobal
