
Microsoft Visual Studio Solution File, Format Version 12.00
# Visual Studio 14
VisualStudioVersion = 14.0.23107.0
MinimumVisualStudioVersion = 10.0.40219.1
Project("{FAE04EC0-301F-11D3-BF4B-00C04F79EFBC}") = "JediMeditation", "JediMeditation\JediMeditation.csproj", "{F8C12265-9341-4E7E-91C0-B458A85A0710}"
EndProject
Project("{FAE04EC0-301F-11D3-BF4B-00C04F79EFBC}") = "JediMediationInOnePlace", "JediMediationInOnePlace\JediMediationInOnePlace.csproj", "{D6FEF1A4-82F9-40FE-8BE8-E11BA1901EB0}"
EndProject
Global
	GlobalSection(SolutionConfigurationPlatforms) = preSolution
		Debug|Any CPU = Debug|Any CPU
		Release|Any CPU = Release|Any CPU
	EndGlobalSection
	GlobalSection(ProjectConfigurationPlatforms) = postSolution
		{F8C12265-9341-4E7E-91C0-B458A85A0710}.Debug|Any CPU.ActiveCfg = Debug|Any CPU
		{F8C12265-9341-4E7E-91C0-B458A85A0710}.Debug|Any CPU.Build.0 = Debug|Any CPU
		{F8C12265-9341-4E7E-91C0-B458A85A0710}.Release|Any CPU.ActiveCfg = Release|Any CPU
		{F8C12265-9341-4E7E-91C0-B458A85A0710}.Release|Any CPU.Build.0 = Release|Any CPU
		{D6FEF1A4-82F9-40FE-8BE8-E11BA1901EB0}.Debug|Any CPU.ActiveCfg = Debug|Any CPU
		{D6FEF1A4-82F9-40FE-8BE8-E11BA1901EB0}.Debug|Any CPU.Build.0 = Debug|Any CPU
		{D6FEF1A4-82F9-40FE-8BE8-E11BA1901EB0}.Release|Any CPU.ActiveCfg = Release|Any CPU
		{D6FEF1A4-82F9-40FE-8BE8-E11BA1901EB0}.Release|Any CPU.Build.0 = Release|Any CPU
	EndGlobalSection
	GlobalSection(SolutionProperties) = preSolution
		HideSolutionNode = FALSE
	EndGlobalSection
EndGlobal
