
Microsoft Visual Studio Solution File, Format Version 12.00
# Visual Studio 14
VisualStudioVersion = 14.0.23107.0
MinimumVisualStudioVersion = 10.0.40219.1
Project("{FAE04EC0-301F-11D3-BF4B-00C04F79EFBC}") = "BinaryPasswords", "BinaryPasswords\BinaryPasswords.csproj", "{A479A963-AA53-4539-8237-1CDF54EF2964}"
EndProject
Project("{FAE04EC0-301F-11D3-BF4B-00C04F79EFBC}") = "ZigZagRows", "ZigZagRows\ZigZagRows.csproj", "{4D0CC69E-93EF-425C-8FEF-EBD52E2C8CE1}"
EndProject
Project("{FAE04EC0-301F-11D3-BF4B-00C04F79EFBC}") = "RowOfBalls", "RowOfBalls\RowOfBalls.csproj", "{1C82133A-4F83-45DD-A0BD-8878E629B8C3}"
EndProject
Global
	GlobalSection(SolutionConfigurationPlatforms) = preSolution
		Debug|Any CPU = Debug|Any CPU
		Release|Any CPU = Release|Any CPU
	EndGlobalSection
	GlobalSection(ProjectConfigurationPlatforms) = postSolution
		{A479A963-AA53-4539-8237-1CDF54EF2964}.Debug|Any CPU.ActiveCfg = Debug|Any CPU
		{A479A963-AA53-4539-8237-1CDF54EF2964}.Debug|Any CPU.Build.0 = Debug|Any CPU
		{A479A963-AA53-4539-8237-1CDF54EF2964}.Release|Any CPU.ActiveCfg = Release|Any CPU
		{A479A963-AA53-4539-8237-1CDF54EF2964}.Release|Any CPU.Build.0 = Release|Any CPU
		{4D0CC69E-93EF-425C-8FEF-EBD52E2C8CE1}.Debug|Any CPU.ActiveCfg = Debug|Any CPU
		{4D0CC69E-93EF-425C-8FEF-EBD52E2C8CE1}.Debug|Any CPU.Build.0 = Debug|Any CPU
		{4D0CC69E-93EF-425C-8FEF-EBD52E2C8CE1}.Release|Any CPU.ActiveCfg = Release|Any CPU
		{4D0CC69E-93EF-425C-8FEF-EBD52E2C8CE1}.Release|Any CPU.Build.0 = Release|Any CPU
		{1C82133A-4F83-45DD-A0BD-8878E629B8C3}.Debug|Any CPU.ActiveCfg = Debug|Any CPU
		{1C82133A-4F83-45DD-A0BD-8878E629B8C3}.Debug|Any CPU.Build.0 = Debug|Any CPU
		{1C82133A-4F83-45DD-A0BD-8878E629B8C3}.Release|Any CPU.ActiveCfg = Release|Any CPU
		{1C82133A-4F83-45DD-A0BD-8878E629B8C3}.Release|Any CPU.Build.0 = Release|Any CPU
	EndGlobalSection
	GlobalSection(SolutionProperties) = preSolution
		HideSolutionNode = FALSE
	EndGlobalSection
EndGlobal
